github.com/go-kit/kit v0.13.0 h1:OoneCcHKHQ03LfBpoQCUfCluwd2Vt3ohz+kvbJneZAU=
github.com/go-kit/kit v0.13.0/go.mod h1:phqEHMMUbyrCFCTgH48JueqrM3md2HcAZ8N3XE4FKDg=
github.com/go-kit/log v0.2.1 h1:MRVx0/zhvdseW+Gza6N9rVzU/IVzaeE1SFI4raAhmBU=
github.com/go-kit/log v0.2.1/go.mod h1:NwTd00d/i8cPZ3xOwwiv2PO5MOcx78fFErGNcVmBjv0=
github.com/go-logfmt/logfmt v0.5.1 h1:otpy5pqBCBZ1ng9RQ0dPu4PN7ba75Y/aA+UpowDyNVA=
github.com/go-logfmt/logfmt v0.5.1/go.mod h1:WYhtIu8zTZfxdn5+rREduYbwxfcBr/Vr6KEVveWlfTs=
github.com/julienschmidt/httprouter v1.3.0 h1:U0609e9tgbseu3rBINet9P48AI/D3oJs4dN7jwJOQ1U=
github.com/julienschmidt/httprouter v1.3.0/go.mod h1:JR6WtHb+2LUe8TCKY3cZOxFyyO8IZAc4RVcycCCAKdM=
github.com/prometheus/common v0.51.1 h1:eIjN50Bwglz6a/c3hAgSMcofL3nD+nFQkV6Dd4DsQCw=
github.com/prometheus/common v0.51.1/go.mod h1:lrWtQx+iDfn2mbH5GUzlH9TSHyfZpHkSiG1W7y3sF2Q=
github.com/prometheus/common/assets v0.2.0 h1:0P5OrzoHrYBOSM1OigWL3mY8ZvV2N4zIE/5AahrSrfM=
github.com/prometheus/common/assets v0.2.0/go.mod h1:D17UVUE12bHbim7HzwUvtqm6gwBEaDQ0F+hIGbFbccI=
